{
  "name": "youtube-summary",
  "version": "0.1.0",
  "lockfileVersion": 3,
  "requires": true,
  "packages": {
    "": {
      "name": "youtube-summary",
      "version": "0.1.0",
      "dependencies": {
        "@danielxceron/youtube-transcript": "^1.2.6"
      }
    },
    "node_modules/@danielxceron/youtube-transcript": {
      "version": "1.2.6",
      "resolved": "https://registry.npmjs.org/@danielxceron/youtube-transcript/-/youtube-transcript-1.2.6.tgz",
      "integrity": "sha512-NGqXFJE2+9ChS1xWrLM1bath6AWl2Q3im9PvD+tIpZROOnmp18MclzuUEGPCEFl1W67RNKLiLDGk2qrBxyuOLA==",
      "license": "MIT",
      "engines": {
        "node": ">=18.0.0"
      }
    }
  }
}
